PODS:
  - BleUtils (0.1.5):
    - glog
    - RCT-Folly (= 2022.05.16.00)
    - React-Core
  - boost (1.83.0)
  - DoubleConversion (1.1.6)
  - EXConstants (15.4.5):
    - ExpoModulesCore
  - EXFont (11.10.3):
    - ExpoModulesCore
  - EXImageLoader (4.6.0):
    - ExpoModulesCore
    - React-Core
  - Expo (50.0.21):
    - ExpoModulesCore
  - ExpoClipboard (5.0.1):
    - ExpoModulesCore
  - ExpoDocumentPicker (11.10.1):
    - ExpoModulesCore
  - ExpoFileSystem (16.0.9):
    - ExpoModulesCore
  - ExpoImageManipulator (11.8.0):
    - EXImageLoader
    - ExpoModulesCore
  - ExpoImagePicker (14.7.1):
    - ExpoModulesCore
  - ExpoKeepAwake (12.8.2):
    - ExpoModulesCore
  - ExpoLocalization (14.8.4):
    - ExpoModulesCore
  - ExpoModulesCore (1.11.14):
    - glog
    - RCT-Folly (= 2022.05.16.00)
    - React-Core
    - React-NativeModulesApple
    - React-RCTAppDelegate
    - ReactCommon/turbomodule/core
  - EXSplashScreen (0.26.5):
    - ExpoModulesCore
    - glog
    - RCT-Folly (= 2022.05.16.00)
    - React-Core
  - FBLazyVector (0.73.7)
  - FBReactNativeSpec (0.73.7):
    - RCT-Folly (= 2022.05.16.00)
    - RCTRequired (= 0.73.7)
    - RCTTypeSafety (= 0.73.7)
    - React-Core (= 0.73.7)
    - React-jsi (= 0.73.7)
    - ReactCommon/turbomodule/core (= 0.73.7)
  - fmt (6.2.1)
  - glog (0.3.5)
  - hermes-engine (0.73.7):
    - hermes-engine/Pre-built (= 0.73.7)
  - hermes-engine/Pre-built (0.73.7)
  - libevent (2.1.12)
  - MultiplatformBleAdapter (0.2.0)
  - RCT-Folly (2022.05.16.00):
    - boost
    - DoubleConversion
    - fmt (~> 6.2.1)
    - glog
    - RCT-Folly/Default (= 2022.05.16.00)
  - RCT-Folly/Default (2022.05.16.00):
    - boost
    - DoubleConversion
    - fmt (~> 6.2.1)
    - glog
  - RCT-Folly/Fabric (2022.05.16.00):
    - boost
    - DoubleConversion
    - fmt (~> 6.2.1)
    - glog
  - RCT-Folly/Futures (2022.05.16.00):
    - boost
    - DoubleConversion
    - fmt (~> 6.2.1)
    - glog
    - libevent
  - RCTRequired (0.73.7)
  - RCTTypeSafety (0.73.7):
    - FBLazyVector (= 0.73.7)
    - RCTRequired (= 0.73.7)
    - React-Core (= 0.73.7)
  - React (0.73.7):
    - React-Core (= 0.73.7)
    - React-Core/DevSupport (= 0.73.7)
    - React-Core/RCTWebSocket (= 0.73.7)
    - React-RCTActionSheet (= 0.73.7)
    - React-RCTAnimation (= 0.73.7)
    - React-RCTBlob (= 0.73.7)
    - React-RCTImage (= 0.73.7)
    - React-RCTLinking (= 0.73.7)
    - React-RCTNetwork (= 0.73.7)
    - React-RCTSettings (= 0.73.7)
    - React-RCTText (= 0.73.7)
    - React-RCTVibration (= 0.73.7)
  - React-callinvoker (0.73.7)
  - React-Codegen (0.73.7):
    - DoubleConversion
    - FBReactNativeSpec
    - glog
    - hermes-engine
    - RCT-Folly
    - RCTRequired
    - RCTTypeSafety
    - React-Core
    - React-jsi
    - React-jsiexecutor
    - React-NativeModulesApple
    - React-rncore
    - ReactCommon/turbomodule/bridging
    - ReactCommon/turbomodule/core
  - React-Core (0.73.7):
    - glog
    - hermes-engine
    - RCT-Folly (= 2022.05.16.00)
    - React-Core/Default (= 0.73.7)
    - React-cxxreact
    - React-hermes
    - React-jsi
    - React-jsiexecutor
    - React-perflogger
    - React-runtimescheduler
    - React-utils
    - SocketRocket (= 0.6.1)
    - Yoga
  - React-Core/CoreModulesHeaders (0.73.7):
    - glog
    - hermes-engine
    - RCT-Folly (= 2022.05.16.00)
    - React-Core/Default
    - React-cxxreact
    - React-hermes
    - React-jsi
    - React-jsiexecutor
    - React-perflogger
    - React-runtimescheduler
    - React-utils
    - SocketRocket (= 0.6.1)
    - Yoga
  - React-Core/Default (0.73.7):
    - glog
    - hermes-engine
    - RCT-Folly (= 2022.05.16.00)
    - React-cxxreact
    - React-hermes
    - React-jsi
    - React-jsiexecutor
    - React-perflogger
    - React-runtimescheduler
    - React-utils
    - SocketRocket (= 0.6.1)
    - Yoga
  - React-Core/DevSupport (0.73.7):
    - glog
    - hermes-engine
    - RCT-Folly (= 2022.05.16.00)
    - React-Core/Default (= 0.73.7)
    - React-Core/RCTWebSocket (= 0.73.7)
    - React-cxxreact
    - React-hermes
    - React-jsi
    - React-jsiexecutor
    - React-jsinspector (= 0.73.7)
    - React-perflogger
    - React-runtimescheduler
    - React-utils
    - SocketRocket (= 0.6.1)
    - Yoga
  - React-Core/RCTActionSheetHeaders (0.73.7):
    - glog
    - hermes-engine
    - RCT-Folly (= 2022.05.16.00)
    - React-Core/Default
    - React-cxxreact
    - React-hermes
    - React-jsi
    - React-jsiexecutor
    - React-perflogger
    - React-runtimescheduler
    - React-utils
    - SocketRocket (= 0.6.1)
    - Yoga
  - React-Core/RCTAnimationHeaders (0.73.7):
    - glog
    - hermes-engine
    - RCT-Folly (= 2022.05.16.00)
    - React-Core/Default
    - React-cxxreact
    - React-hermes
    - React-jsi
    - React-jsiexecutor
    - React-perflogger
    - React-runtimescheduler
    - React-utils
    - SocketRocket (= 0.6.1)
    - Yoga
  - React-Core/RCTBlobHeaders (0.73.7):
    - glog
    - hermes-engine
    - RCT-Folly (= 2022.05.16.00)
    - React-Core/Default
    - React-cxxreact
    - React-hermes
    - React-jsi
    - React-jsiexecutor
    - React-perflogger
    - React-runtimescheduler
    - React-utils
    - SocketRocket (= 0.6.1)
    - Yoga
  - React-Core/RCTImageHeaders (0.73.7):
    - glog
    - hermes-engine
    - RCT-Folly (= 2022.05.16.00)
    - React-Core/Default
    - React-cxxreact
    - React-hermes
    - React-jsi
    - React-jsiexecutor
    - React-perflogger
    - React-runtimescheduler
    - React-utils
    - SocketRocket (= 0.6.1)
    - Yoga
  - React-Core/RCTLinkingHeaders (0.73.7):
    - glog
    - hermes-engine
    - RCT-Folly (= 2022.05.16.00)
    - React-Core/Default
    - React-cxxreact
    - React-hermes
    - React-jsi
    - React-jsiexecutor
    - React-perflogger
    - React-runtimescheduler
    - React-utils
    - SocketRocket (= 0.6.1)
    - Yoga
  - React-Core/RCTNetworkHeaders (0.73.7):
    - glog
    - hermes-engine
    - RCT-Folly (= 2022.05.16.00)
    - React-Core/Default
    - React-cxxreact
    - React-hermes
    - React-jsi
    - React-jsiexecutor
    - React-perflogger
    - React-runtimescheduler
    - React-utils
    - SocketRocket (= 0.6.1)
    - Yoga
  - React-Core/RCTSettingsHeaders (0.73.7):
    - glog
    - hermes-engine
    - RCT-Folly (= 2022.05.16.00)
    - React-Core/Default
    - React-cxxreact
    - React-hermes
    - React-jsi
    - React-jsiexecutor
    - React-perflogger
    - React-runtimescheduler
    - React-utils
    - SocketRocket (= 0.6.1)
    - Yoga
  - React-Core/RCTTextHeaders (0.73.7):
    - glog
    - hermes-engine
    - RCT-Folly (= 2022.05.16.00)
    - React-Core/Default
    - React-cxxreact
    - React-hermes
    - React-jsi
    - React-jsiexecutor
    - React-perflogger
    - React-runtimescheduler
    - React-utils
    - SocketRocket (= 0.6.1)
    - Yoga
  - React-Core/RCTVibrationHeaders (0.73.7):
    - glog
    - hermes-engine
    - RCT-Folly (= 2022.05.16.00)
    - React-Core/Default
    - React-cxxreact
    - React-hermes
    - React-jsi
    - React-jsiexecutor
    - React-perflogger
    - React-runtimescheduler
    - React-utils
    - SocketRocket (= 0.6.1)
    - Yoga
  - React-Core/RCTWebSocket (0.73.7):
    - glog
    - hermes-engine
    - RCT-Folly (= 2022.05.16.00)
    - React-Core/Default (= 0.73.7)
    - React-cxxreact
    - React-hermes
    - React-jsi
    - React-jsiexecutor
    - React-perflogger
    - React-runtimescheduler
    - React-utils
    - SocketRocket (= 0.6.1)
    - Yoga
  - React-CoreModules (0.73.7):
    - RCT-Folly (= 2022.05.16.00)
    - RCTTypeSafety (= 0.73.7)
    - React-Codegen
    - React-Core/CoreModulesHeaders (= 0.73.7)
    - React-jsi (= 0.73.7)
    - React-NativeModulesApple
    - React-RCTBlob
    - React-RCTImage (= 0.73.7)
    - ReactCommon
    - SocketRocket (= 0.6.1)
  - React-cxxreact (0.73.7):
    - boost (= 1.83.0)
    - DoubleConversion
    - fmt (~> 6.2.1)
    - glog
    - hermes-engine
    - RCT-Folly (= 2022.05.16.00)
    - React-callinvoker (= 0.73.7)
    - React-debug (= 0.73.7)
    - React-jsi (= 0.73.7)
    - React-jsinspector (= 0.73.7)
    - React-logger (= 0.73.7)
    - React-perflogger (= 0.73.7)
    - React-runtimeexecutor (= 0.73.7)
  - React-debug (0.73.7)
  - React-Fabric (0.73.7):
    - DoubleConversion
    - fmt (~> 6.2.1)
    - glog
    - hermes-engine
    - RCT-Folly/Fabric (= 2022.05.16.00)
    - RCTRequired
    - RCTTypeSafety
    - React-Core
    - React-cxxreact
    - React-debug
    - React-Fabric/animations (= 0.73.7)
    - React-Fabric/attributedstring (= 0.73.7)
    - React-Fabric/componentregistry (= 0.73.7)
    - React-Fabric/componentregistrynative (= 0.73.7)
    - React-Fabric/components (= 0.73.7)
    - React-Fabric/core (= 0.73.7)
    - React-Fabric/imagemanager (= 0.73.7)
    - React-Fabric/leakchecker (= 0.73.7)
    - React-Fabric/mounting (= 0.73.7)
    - React-Fabric/scheduler (= 0.73.7)
    - React-Fabric/telemetry (= 0.73.7)
    - React-Fabric/templateprocessor (= 0.73.7)
    - React-Fabric/textlayoutmanager (= 0.73.7)
    - React-Fabric/uimanager (= 0.73.7)
    - React-graphics
    - React-jsi
    - React-jsiexecutor
    - React-logger
    - React-rendererdebug
    - React-runtimescheduler
    - React-utils
    - ReactCommon/turbomodule/core
  - React-Fabric/animations (0.73.7):
    - DoubleConversion
    - fmt (~> 6.2.1)
    - glog
    - hermes-engine
    - RCT-Folly/Fabric (= 2022.05.16.00)
    - RCTRequired
    - RCTTypeSafety
    - React-Core
    - React-cxxreact
    - React-debug
    - React-graphics
    - React-jsi
    - React-jsiexecutor
    - React-logger
    - React-rendererdebug
    - React-runtimescheduler
    - React-utils
    - ReactCommon/turbomodule/core
  - React-Fabric/attributedstring (0.73.7):
    - DoubleConversion
    - fmt (~> 6.2.1)
    - glog
    - hermes-engine
    - RCT-Folly/Fabric (= 2022.05.16.00)
    - RCTRequired
    - RCTTypeSafety
    - React-Core
    - React-cxxreact
    - React-debug
    - React-graphics
    - React-jsi
    - React-jsiexecutor
    - React-logger
    - React-rendererdebug
    - React-runtimescheduler
    - React-utils
    - ReactCommon/turbomodule/core
  - React-Fabric/componentregistry (0.73.7):
    - DoubleConversion
    - fmt (~> 6.2.1)
    - glog
    - hermes-engine
    - RCT-Folly/Fabric (= 2022.05.16.00)
    - RCTRequired
    - RCTTypeSafety
    - React-Core
    - React-cxxreact
    - React-debug
    - React-graphics
    - React-jsi
    - React-jsiexecutor
    - React-logger
    - React-rendererdebug
    - React-runtimescheduler
    - React-utils
    - ReactCommon/turbomodule/core
  - React-Fabric/componentregistrynative (0.73.7):
    - DoubleConversion
    - fmt (~> 6.2.1)
    - glog
    - hermes-engine
    - RCT-Folly/Fabric (= 2022.05.16.00)
    - RCTRequired
    - RCTTypeSafety
    - React-Core
    - React-cxxreact
    - React-debug
    - React-graphics
    - React-jsi
    - React-jsiexecutor
    - React-logger
    - React-rendererdebug
    - React-runtimescheduler
    - React-utils
    - ReactCommon/turbomodule/core
  - React-Fabric/components (0.73.7):
    - DoubleConversion
    - fmt (~> 6.2.1)
    - glog
    - hermes-engine
    - RCT-Folly/Fabric (= 2022.05.16.00)
    - RCTRequired
    - RCTTypeSafety
    - React-Core
    - React-cxxreact
    - React-debug
    - React-Fabric/components/inputaccessory (= 0.73.7)
    - React-Fabric/components/legacyviewmanagerinterop (= 0.73.7)
    - React-Fabric/components/modal (= 0.73.7)
    - React-Fabric/components/rncore (= 0.73.7)
    - React-Fabric/components/root (= 0.73.7)
    - React-Fabric/components/safeareaview (= 0.73.7)
    - React-Fabric/components/scrollview (= 0.73.7)
    - React-Fabric/components/text (= 0.73.7)
    - React-Fabric/components/textinput (= 0.73.7)
    - React-Fabric/components/unimplementedview (= 0.73.7)
    - React-Fabric/components/view (= 0.73.7)
    - React-graphics
    - React-jsi
    - React-jsiexecutor
    - React-logger
    - React-rendererdebug
    - React-runtimescheduler
    - React-utils
    - ReactCommon/turbomodule/core
  - React-Fabric/components/inputaccessory (0.73.7):
    - DoubleConversion
    - fmt (~> 6.2.1)
    - glog
    - hermes-engine
    - RCT-Folly/Fabric (= 2022.05.16.00)
    - RCTRequired
    - RCTTypeSafety
    - React-Core
    - React-cxxreact
    - React-debug
    - React-graphics
    - React-jsi
    - React-jsiexecutor
    - React-logger
    - React-rendererdebug
    - React-runtimescheduler
    - React-utils
    - ReactCommon/turbomodule/core
  - React-Fabric/components/legacyviewmanagerinterop (0.73.7):
    - DoubleConversion
    - fmt (~> 6.2.1)
    - glog
    - hermes-engine
    - RCT-Folly/Fabric (= 2022.05.16.00)
    - RCTRequired
    - RCTTypeSafety
    - React-Core
    - React-cxxreact
    - React-debug
    - React-graphics
    - React-jsi
    - React-jsiexecutor
    - React-logger
    - React-rendererdebug
    - React-runtimescheduler
    - React-utils
    - ReactCommon/turbomodule/core
  - React-Fabric/components/modal (0.73.7):
    - DoubleConversion
    - fmt (~> 6.2.1)
    - glog
    - hermes-engine
    - RCT-Folly/Fabric (= 2022.05.16.00)
    - RCTRequired
    - RCTTypeSafety
    - React-Core
    - React-cxxreact
    - React-debug
    - React-graphics
    - React-jsi
    - React-jsiexecutor
    - React-logger
    - React-rendererdebug
    - React-runtimescheduler
    - React-utils
    - ReactCommon/turbomodule/core
  - React-Fabric/components/rncore (0.73.7):
    - DoubleConversion
    - fmt (~> 6.2.1)
    - glog
    - hermes-engine
    - RCT-Folly/Fabric (= 2022.05.16.00)
    - RCTRequired
    - RCTTypeSafety
    - React-Core
    - React-cxxreact
    - React-debug
    - React-graphics
    - React-jsi
    - React-jsiexecutor
    - React-logger
    - React-rendererdebug
    - React-runtimescheduler
    - React-utils
    - ReactCommon/turbomodule/core
  - React-Fabric/components/root (0.73.7):
    - DoubleConversion
    - fmt (~> 6.2.1)
    - glog
    - hermes-engine
    - RCT-Folly/Fabric (= 2022.05.16.00)
    - RCTRequired
    - RCTTypeSafety
    - React-Core
    - React-cxxreact
    - React-debug
    - React-graphics
    - React-jsi
    - React-jsiexecutor
    - React-logger
    - React-rendererdebug
    - React-runtimescheduler
    - React-utils
    - ReactCommon/turbomodule/core
  - React-Fabric/components/safeareaview (0.73.7):
    - DoubleConversion
    - fmt (~> 6.2.1)
    - glog
    - hermes-engine
    - RCT-Folly/Fabric (= 2022.05.16.00)
    - RCTRequired
    - RCTTypeSafety
    - React-Core
    - React-cxxreact
    - React-debug
    - React-graphics
    - React-jsi
    - React-jsiexecutor
    - React-logger
    - React-rendererdebug
    - React-runtimescheduler
    - React-utils
    - ReactCommon/turbomodule/core
  - React-Fabric/components/scrollview (0.73.7):
    - DoubleConversion
    - fmt (~> 6.2.1)
    - glog
    - hermes-engine
    - RCT-Folly/Fabric (= 2022.05.16.00)
    - RCTRequired
    - RCTTypeSafety
    - React-Core
    - React-cxxreact
    - React-debug
    - React-graphics
    - React-jsi
    - React-jsiexecutor
    - React-logger
    - React-rendererdebug
    - React-runtimescheduler
    - React-utils
    - ReactCommon/turbomodule/core
  - React-Fabric/components/text (0.73.7):
    - DoubleConversion
    - fmt (~> 6.2.1)
    - glog
    - hermes-engine
    - RCT-Folly/Fabric (= 2022.05.16.00)
    - RCTRequired
    - RCTTypeSafety
    - React-Core
    - React-cxxreact
    - React-debug
    - React-graphics
    - React-jsi
    - React-jsiexecutor
    - React-logger
    - React-rendererdebug
    - React-runtimescheduler
    - React-utils
    - ReactCommon/turbomodule/core
  - React-Fabric/components/textinput (0.73.7):
    - DoubleConversion
    - fmt (~> 6.2.1)
    - glog
    - hermes-engine
    - RCT-Folly/Fabric (= 2022.05.16.00)
    - RCTRequired
    - RCTTypeSafety
    - React-Core
    - React-cxxreact
    - React-debug
    - React-graphics
    - React-jsi
    - React-jsiexecutor
    - React-logger
    - React-rendererdebug
    - React-runtimescheduler
    - React-utils
    - ReactCommon/turbomodule/core
  - React-Fabric/components/unimplementedview (0.73.7):
    - DoubleConversion
    - fmt (~> 6.2.1)
    - glog
    - hermes-engine
    - RCT-Folly/Fabric (= 2022.05.16.00)
    - RCTRequired
    - RCTTypeSafety
    - React-Core
    - React-cxxreact
    - React-debug
    - React-graphics
    - React-jsi
    - React-jsiexecutor
    - React-logger
    - React-rendererdebug
    - React-runtimescheduler
    - React-utils
    - ReactCommon/turbomodule/core
  - React-Fabric/components/view (0.73.7):
    - DoubleConversion
    - fmt (~> 6.2.1)
    - glog
    - hermes-engine
    - RCT-Folly/Fabric (= 2022.05.16.00)
    - RCTRequired
    - RCTTypeSafety
    - React-Core
    - React-cxxreact
    - React-debug
    - React-graphics
    - React-jsi
    - React-jsiexecutor
    - React-logger
    - React-rendererdebug
    - React-runtimescheduler
    - React-utils
    - ReactCommon/turbomodule/core
    - Yoga
  - React-Fabric/core (0.73.7):
    - DoubleConversion
    - fmt (~> 6.2.1)
    - glog
    - hermes-engine
    - RCT-Folly/Fabric (= 2022.05.16.00)
    - RCTRequired
    - RCTTypeSafety
    - React-Core
    - React-cxxreact
    - React-debug
    - React-graphics
    - React-jsi
    - React-jsiexecutor
    - React-logger
    - React-rendererdebug
    - React-runtimescheduler
    - React-utils
    - ReactCommon/turbomodule/core
  - React-Fabric/imagemanager (0.73.7):
    - DoubleConversion
    - fmt (~> 6.2.1)
    - glog
    - hermes-engine
    - RCT-Folly/Fabric (= 2022.05.16.00)
    - RCTRequired
    - RCTTypeSafety
    - React-Core
    - React-cxxreact
    - React-debug
    - React-graphics
    - React-jsi
    - React-jsiexecutor
    - React-logger
    - React-rendererdebug
    - React-runtimescheduler
    - React-utils
    - ReactCommon/turbomodule/core
  - React-Fabric/leakchecker (0.73.7):
    - DoubleConversion
    - fmt (~> 6.2.1)
    - glog
    - hermes-engine
    - RCT-Folly/Fabric (= 2022.05.16.00)
    - RCTRequired
    - RCTTypeSafety
    - React-Core
    - React-cxxreact
    - React-debug
    - React-graphics
    - React-jsi
    - React-jsiexecutor
    - React-logger
    - React-rendererdebug
    - React-runtimescheduler
    - React-utils
    - ReactCommon/turbomodule/core
  - React-Fabric/mounting (0.73.7):
    - DoubleConversion
    - fmt (~> 6.2.1)
    - glog
    - hermes-engine
    - RCT-Folly/Fabric (= 2022.05.16.00)
    - RCTRequired
    - RCTTypeSafety
    - React-Core
    - React-cxxreact
    - React-debug
    - React-graphics
    - React-jsi
    - React-jsiexecutor
    - React-logger
    - React-rendererdebug
    - React-runtimescheduler
    - React-utils
    - ReactCommon/turbomodule/core
  - React-Fabric/scheduler (0.73.7):
    - DoubleConversion
    - fmt (~> 6.2.1)
    - glog
    - hermes-engine
    - RCT-Folly/Fabric (= 2022.05.16.00)
    - RCTRequired
    - RCTTypeSafety
    - React-Core
    - React-cxxreact
    - React-debug
    - React-graphics
    - React-jsi
    - React-jsiexecutor
    - React-logger
    - React-rendererdebug
    - React-runtimescheduler
    - React-utils
    - ReactCommon/turbomodule/core
  - React-Fabric/telemetry (0.73.7):
    - DoubleConversion
    - fmt (~> 6.2.1)
    - glog
    - hermes-engine
    - RCT-Folly/Fabric (= 2022.05.16.00)
    - RCTRequired
    - RCTTypeSafety
    - React-Core
    - React-cxxreact
    - React-debug
    - React-graphics
    - React-jsi
    - React-jsiexecutor
    - React-logger
    - React-rendererdebug
    - React-runtimescheduler
    - React-utils
    - ReactCommon/turbomodule/core
  - React-Fabric/templateprocessor (0.73.7):
    - DoubleConversion
    - fmt (~> 6.2.1)
    - glog
    - hermes-engine
    - RCT-Folly/Fabric (= 2022.05.16.00)
    - RCTRequired
    - RCTTypeSafety
    - React-Core
    - React-cxxreact
    - React-debug
    - React-graphics
    - React-jsi
    - React-jsiexecutor
    - React-logger
    - React-rendererdebug
    - React-runtimescheduler
    - React-utils
    - ReactCommon/turbomodule/core
  - React-Fabric/textlayoutmanager (0.73.7):
    - DoubleConversion
    - fmt (~> 6.2.1)
    - glog
    - hermes-engine
    - RCT-Folly/Fabric (= 2022.05.16.00)
    - RCTRequired
    - RCTTypeSafety
    - React-Core
    - React-cxxreact
    - React-debug
    - React-Fabric/uimanager
    - React-graphics
    - React-jsi
    - React-jsiexecutor
    - React-logger
    - React-rendererdebug
    - React-runtimescheduler
    - React-utils
    - ReactCommon/turbomodule/core
  - React-Fabric/uimanager (0.73.7):
    - DoubleConversion
    - fmt (~> 6.2.1)
    - glog
    - hermes-engine
    - RCT-Folly/Fabric (= 2022.05.16.00)
    - RCTRequired
    - RCTTypeSafety
    - React-Core
    - React-cxxreact
    - React-debug
    - React-graphics
    - React-jsi
    - React-jsiexecutor
    - React-logger
    - React-rendererdebug
    - React-runtimescheduler
    - React-utils
    - ReactCommon/turbomodule/core
  - React-FabricImage (0.73.7):
    - DoubleConversion
    - fmt (~> 6.2.1)
    - glog
    - hermes-engine
    - RCT-Folly/Fabric (= 2022.05.16.00)
    - RCTRequired (= 0.73.7)
    - RCTTypeSafety (= 0.73.7)
    - React-Fabric
    - React-graphics
    - React-ImageManager
    - React-jsi
    - React-jsiexecutor (= 0.73.7)
    - React-logger
    - React-rendererdebug
    - React-utils
    - ReactCommon
    - Yoga
  - React-graphics (0.73.7):
    - glog
    - RCT-Folly/Fabric (= 2022.05.16.00)
    - React-Core/Default (= 0.73.7)
    - React-utils
  - React-hermes (0.73.7):
    - DoubleConversion
    - fmt (~> 6.2.1)
    - glog
    - hermes-engine
    - RCT-Folly (= 2022.05.16.00)
    - RCT-Folly/Futures (= 2022.05.16.00)
    - React-cxxreact (= 0.73.7)
    - React-jsi
    - React-jsiexecutor (= 0.73.7)
    - React-jsinspector (= 0.73.7)
    - React-perflogger (= 0.73.7)
  - React-ImageManager (0.73.7):
    - glog
    - RCT-Folly/Fabric
    - React-Core/Default
    - React-debug
    - React-Fabric
    - React-graphics
    - React-rendererdebug
    - React-utils
  - React-jserrorhandler (0.73.7):
    - RCT-Folly/Fabric (= 2022.05.16.00)
    - React-debug
    - React-jsi
    - React-Mapbuffer
  - React-jsi (0.73.7):
    - boost (= 1.83.0)
    - DoubleConversion
    - fmt (~> 6.2.1)
    - glog
    - hermes-engine
    - RCT-Folly (= 2022.05.16.00)
  - React-jsiexecutor (0.73.7):
    - DoubleConversion
    - fmt (~> 6.2.1)
    - glog
    - hermes-engine
    - RCT-Folly (= 2022.05.16.00)
    - React-cxxreact (= 0.73.7)
    - React-jsi (= 0.73.7)
    - React-perflogger (= 0.73.7)
  - React-jsinspector (0.73.7)
  - React-logger (0.73.7):
    - glog
  - React-Mapbuffer (0.73.7):
    - glog
    - React-debug
  - react-native-ble-plx (3.5.0):
    - glog
    - MultiplatformBleAdapter (= 0.2.0)
    - RCT-Folly (= 2022.05.16.00)
    - React-Core
  - react-native-get-random-values (1.10.0):
    - React-Core
  - react-native-restart (0.0.24):
    - React-Core
  - react-native-safe-area-context (4.8.2):
    - React-Core
  - React-nativeconfig (0.73.7)
  - React-NativeModulesApple (0.73.7):
    - glog
    - hermes-engine
    - React-callinvoker
    - React-Core
    - React-cxxreact
    - React-jsi
    - React-runtimeexecutor
    - ReactCommon/turbomodule/bridging
    - ReactCommon/turbomodule/core
  - React-perflogger (0.73.7)
  - React-RCTActionSheet (0.73.7):
    - React-Core/RCTActionSheetHeaders (= 0.73.7)
  - React-RCTAnimation (0.73.7):
    - RCT-Folly (= 2022.05.16.00)
    - RCTTypeSafety
    - React-Codegen
    - React-Core/RCTAnimationHeaders
    - React-jsi
    - React-NativeModulesApple
    - ReactCommon
  - React-RCTAppDelegate (0.73.7):
    - RCT-Folly
    - RCTRequired
    - RCTTypeSafety
    - React-Core
    - React-CoreModules
    - React-hermes
    - React-nativeconfig
    - React-NativeModulesApple
    - React-RCTFabric
    - React-RCTImage
    - React-RCTNetwork
    - React-runtimescheduler
    - ReactCommon
  - React-RCTBlob (0.73.7):
    - hermes-engine
    - RCT-Folly (= 2022.05.16.00)
    - React-Codegen
    - React-Core/RCTBlobHeaders
    - React-Core/RCTWebSocket
    - React-jsi
    - React-NativeModulesApple
    - React-RCTNetwork
    - ReactCommon
  - React-RCTFabric (0.73.7):
    - glog
    - hermes-engine
    - RCT-Folly/Fabric (= 2022.05.16.00)
    - React-Core
    - React-debug
    - React-Fabric
    - React-FabricImage
    - React-graphics
    - React-ImageManager
    - React-jsi
    - React-nativeconfig
    - React-RCTImage
    - React-RCTText
    - React-rendererdebug
    - React-runtimescheduler
    - React-utils
    - Yoga
  - React-RCTImage (0.73.7):
    - RCT-Folly (= 2022.05.16.00)
    - RCTTypeSafety
    - React-Codegen
    - React-Core/RCTImageHeaders
    - React-jsi
    - React-NativeModulesApple
    - React-RCTNetwork
    - ReactCommon
  - React-RCTLinking (0.73.7):
    - React-Codegen
    - React-Core/RCTLinkingHeaders (= 0.73.7)
    - React-jsi (= 0.73.7)
    - React-NativeModulesApple
    - ReactCommon
    - ReactCommon/turbomodule/core (= 0.73.7)
  - React-RCTNetwork (0.73.7):
    - RCT-Folly (= 2022.05.16.00)
    - RCTTypeSafety
    - React-Codegen
    - React-Core/RCTNetworkHeaders
    - React-jsi
    - React-NativeModulesApple
    - ReactCommon
  - React-RCTSettings (0.73.7):
    - RCT-Folly (= 2022.05.16.00)
    - RCTTypeSafety
    - React-Codegen
    - React-Core/RCTSettingsHeaders
    - React-jsi
    - React-NativeModulesApple
    - ReactCommon
  - React-RCTText (0.73.7):
    - React-Core/RCTTextHeaders (= 0.73.7)
    - Yoga
  - React-RCTVibration (0.73.7):
    - RCT-Folly (= 2022.05.16.00)
    - React-Codegen
    - React-Core/RCTVibrationHeaders
    - React-jsi
    - React-NativeModulesApple
    - ReactCommon
  - React-rendererdebug (0.73.7):
    - DoubleConversion
    - fmt (~> 6.2.1)
    - RCT-Folly (= 2022.05.16.00)
    - React-debug
  - React-rncore (0.73.7)
  - React-runtimeexecutor (0.73.7):
    - React-jsi (= 0.73.7)
  - React-runtimescheduler (0.73.7):
    - glog
    - hermes-engine
    - RCT-Folly (= 2022.05.16.00)
    - React-callinvoker
    - React-cxxreact
    - React-debug
    - React-jsi
    - React-rendererdebug
    - React-runtimeexecutor
    - React-utils
  - React-utils (0.73.7):
    - glog
    - RCT-Folly (= 2022.05.16.00)
    - React-debug
  - ReactCommon (0.73.7):
    - React-logger (= 0.73.7)
    - ReactCommon/turbomodule (= 0.73.7)
  - ReactCommon/turbomodule (0.73.7):
    - DoubleConversion
    - fmt (~> 6.2.1)
    - glog
    - hermes-engine
    - RCT-Folly (= 2022.05.16.00)
    - React-callinvoker (= 0.73.7)
    - React-cxxreact (= 0.73.7)
    - React-jsi (= 0.73.7)
    - React-logger (= 0.73.7)
    - React-perflogger (= 0.73.7)
    - ReactCommon/turbomodule/bridging (= 0.73.7)
    - ReactCommon/turbomodule/core (= 0.73.7)
  - ReactCommon/turbomodule/bridging (0.73.7):
    - DoubleConversion
    - fmt (~> 6.2.1)
    - glog
    - hermes-engine
    - RCT-Folly (= 2022.05.16.00)
    - React-callinvoker (= 0.73.7)
    - React-cxxreact (= 0.73.7)
    - React-jsi (= 0.73.7)
    - React-logger (= 0.73.7)
    - React-perflogger (= 0.73.7)
  - ReactCommon/turbomodule/core (0.73.7):
    - DoubleConversion
    - fmt (~> 6.2.1)
    - glog
    - hermes-engine
    - RCT-Folly (= 2022.05.16.00)
    - React-callinvoker (= 0.73.7)
    - React-cxxreact (= 0.73.7)
    - React-jsi (= 0.73.7)
    - React-logger (= 0.73.7)
    - React-perflogger (= 0.73.7)
  - RNCAsyncStorage (1.21.0):
    - React-Core
  - RNCPicker (2.6.1):
    - React-Core
  - RNReanimated (3.6.3):
    - glog
    - RCT-Folly (= 2022.05.16.00)
    - React-Core
    - ReactCommon/turbomodule/core
  - RNScreens (3.29.0):
    - glog
    - RCT-Folly (= 2022.05.16.00)
    - React-Core
  - RNSVG (14.1.0):
    - React-Core
  - SocketRocket (0.6.1)
  - Yoga (1.14.0)

DEPENDENCIES:
  - BleUtils (from `../../../../node_modules/react-native-ble-utils`)
  - boost (from `../../../../node_modules/react-native/third-party-podspecs/boost.podspec`)
  - DoubleConversion (from `../../../../node_modules/react-native/third-party-podspecs/DoubleConversion.podspec`)
  - EXConstants (from `../../../../node_modules/expo-constants/ios`)
  - EXFont (from `../../../../node_modules/expo-font/ios`)
  - EXImageLoader (from `../../../../node_modules/expo-image-loader/ios`)
  - Expo (from `../../../../node_modules/expo`)
  - ExpoClipboard (from `../../../../node_modules/expo-clipboard/ios`)
  - ExpoDocumentPicker (from `../../../../node_modules/expo-document-picker/ios`)
  - ExpoFileSystem (from `../../../../node_modules/expo-file-system/ios`)
  - ExpoImageManipulator (from `../../../../node_modules/expo-image-manipulator/ios`)
  - ExpoImagePicker (from `../../../../node_modules/expo-image-picker/ios`)
  - ExpoKeepAwake (from `../../../../node_modules/expo-keep-awake/ios`)
  - ExpoLocalization (from `../../../../node_modules/expo-localization/ios`)
  - ExpoModulesCore (from `../../../../node_modules/expo-modules-core`)
  - EXSplashScreen (from `../../../../node_modules/expo-splash-screen/ios`)
  - FBLazyVector (from `../../../../node_modules/react-native/Libraries/FBLazyVector`)
  - FBReactNativeSpec (from `../../../../node_modules/react-native/React/FBReactNativeSpec`)
  - glog (from `../../../../node_modules/react-native/third-party-podspecs/glog.podspec`)
  - hermes-engine (from `../../../../node_modules/react-native/sdks/hermes-engine/hermes-engine.podspec`)
  - libevent (~> 2.1.12)
  - RCT-Folly (from `../../../../node_modules/react-native/third-party-podspecs/RCT-Folly.podspec`)
  - RCT-Folly/Fabric (from `../../../../node_modules/react-native/third-party-podspecs/RCT-Folly.podspec`)
  - RCTRequired (from `../../../../node_modules/react-native/Libraries/RCTRequired`)
  - RCTTypeSafety (from `../../../../node_modules/react-native/Libraries/TypeSafety`)
  - React (from `../../../../node_modules/react-native/`)
  - React-callinvoker (from `../../../../node_modules/react-native/ReactCommon/callinvoker`)
  - React-Codegen (from `build/generated/ios`)
  - React-Core (from `../../../../node_modules/react-native/`)
  - React-Core/RCTWebSocket (from `../../../../node_modules/react-native/`)
  - React-CoreModules (from `../../../../node_modules/react-native/React/CoreModules`)
  - React-cxxreact (from `../../../../node_modules/react-native/ReactCommon/cxxreact`)
  - React-debug (from `../../../../node_modules/react-native/ReactCommon/react/debug`)
  - React-Fabric (from `../../../../node_modules/react-native/ReactCommon`)
  - React-FabricImage (from `../../../../node_modules/react-native/ReactCommon`)
  - React-graphics (from `../../../../node_modules/react-native/ReactCommon/react/renderer/graphics`)
  - React-hermes (from `../../../../node_modules/react-native/ReactCommon/hermes`)
  - React-ImageManager (from `../../../../node_modules/react-native/ReactCommon/react/renderer/imagemanager/platform/ios`)
  - React-jserrorhandler (from `../../../../node_modules/react-native/ReactCommon/jserrorhandler`)
  - React-jsi (from `../../../../node_modules/react-native/ReactCommon/jsi`)
  - React-jsiexecutor (from `../../../../node_modules/react-native/ReactCommon/jsiexecutor`)
  - React-jsinspector (from `../../../../node_modules/react-native/ReactCommon/jsinspector-modern`)
  - React-logger (from `../../../../node_modules/react-native/ReactCommon/logger`)
  - React-Mapbuffer (from `../../../../node_modules/react-native/ReactCommon`)
  - react-native-ble-plx (from `../../../../node_modules/react-native-ble-plx`)
  - react-native-get-random-values (from `../../../../node_modules/react-native-get-random-values`)
  - react-native-restart (from `../../../../node_modules/react-native-restart`)
  - react-native-safe-area-context (from `../../../../node_modules/react-native-safe-area-context`)
  - React-nativeconfig (from `../../../../node_modules/react-native/ReactCommon`)
  - React-NativeModulesApple (from `../../../../node_modules/react-native/ReactCommon/react/nativemodule/core/platform/ios`)
  - React-perflogger (from `../../../../node_modules/react-native/ReactCommon/reactperflogger`)
  - React-RCTActionSheet (from `../../../../node_modules/react-native/Libraries/ActionSheetIOS`)
  - React-RCTAnimation (from `../../../../node_modules/react-native/Libraries/NativeAnimation`)
  - React-RCTAppDelegate (from `../../../../node_modules/react-native/Libraries/AppDelegate`)
  - React-RCTBlob (from `../../../../node_modules/react-native/Libraries/Blob`)
  - React-RCTFabric (from `../../../../node_modules/react-native/React`)
  - React-RCTImage (from `../../../../node_modules/react-native/Libraries/Image`)
  - React-RCTLinking (from `../../../../node_modules/react-native/Libraries/LinkingIOS`)
  - React-RCTNetwork (from `../../../../node_modules/react-native/Libraries/Network`)
  - React-RCTSettings (from `../../../../node_modules/react-native/Libraries/Settings`)
  - React-RCTText (from `../../../../node_modules/react-native/Libraries/Text`)
  - React-RCTVibration (from `../../../../node_modules/react-native/Libraries/Vibration`)
  - React-rendererdebug (from `../../../../node_modules/react-native/ReactCommon/react/renderer/debug`)
  - React-rncore (from `../../../../node_modules/react-native/ReactCommon`)
  - React-runtimeexecutor (from `../../../../node_modules/react-native/ReactCommon/runtimeexecutor`)
  - React-runtimescheduler (from `../../../../node_modules/react-native/ReactCommon/react/renderer/runtimescheduler`)
  - React-utils (from `../../../../node_modules/react-native/ReactCommon/react/utils`)
  - ReactCommon/turbomodule/core (from `../../../../node_modules/react-native/ReactCommon`)
  - "RNCAsyncStorage (from `../../../../node_modules/@react-native-async-storage/async-storage`)"
  - "RNCPicker (from `../../../../node_modules/@react-native-picker/picker`)"
  - RNReanimated (from `../../../../node_modules/react-native-reanimated`)
  - RNScreens (from `../../../../node_modules/react-native-screens`)
  - RNSVG (from `../../../../node_modules/react-native-svg`)
  - Yoga (from `../../../../node_modules/react-native/ReactCommon/yoga`)

SPEC REPOS:
  trunk:
    - fmt
    - libevent
    - MultiplatformBleAdapter
    - SocketRocket

EXTERNAL SOURCES:
  BleUtils:
    :path: "../../../../node_modules/react-native-ble-utils"
  boost:
    :podspec: "../../../../node_modules/react-native/third-party-podspecs/boost.podspec"
  DoubleConversion:
    :podspec: "../../../../node_modules/react-native/third-party-podspecs/DoubleConversion.podspec"
  EXConstants:
    :path: "../../../../node_modules/expo-constants/ios"
  EXFont:
    :path: "../../../../node_modules/expo-font/ios"
  EXImageLoader:
    :path: "../../../../node_modules/expo-image-loader/ios"
  Expo:
    :path: "../../../../node_modules/expo"
  ExpoClipboard:
    :path: "../../../../node_modules/expo-clipboard/ios"
  ExpoDocumentPicker:
    :path: "../../../../node_modules/expo-document-picker/ios"
  ExpoFileSystem:
    :path: "../../../../node_modules/expo-file-system/ios"
  ExpoImageManipulator:
    :path: "../../../../node_modules/expo-image-manipulator/ios"
  ExpoImagePicker:
    :path: "../../../../node_modules/expo-image-picker/ios"
  ExpoKeepAwake:
    :path: "../../../../node_modules/expo-keep-awake/ios"
  ExpoLocalization:
    :path: "../../../../node_modules/expo-localization/ios"
  ExpoModulesCore:
    :path: "../../../../node_modules/expo-modules-core"
  EXSplashScreen:
    :path: "../../../../node_modules/expo-splash-screen/ios"
  FBLazyVector:
    :path: "../../../../node_modules/react-native/Libraries/FBLazyVector"
  FBReactNativeSpec:
    :path: "../../../../node_modules/react-native/React/FBReactNativeSpec"
  glog:
    :podspec: "../../../../node_modules/react-native/third-party-podspecs/glog.podspec"
  hermes-engine:
    :podspec: "../../../../node_modules/react-native/sdks/hermes-engine/hermes-engine.podspec"
    :tag: hermes-2024-02-20-RNv0.73.5-18f99ace4213052c5e7cdbcd39ee9766cd5df7e4
  RCT-Folly:
    :podspec: "../../../../node_modules/react-native/third-party-podspecs/RCT-Folly.podspec"
  RCTRequired:
    :path: "../../../../node_modules/react-native/Libraries/RCTRequired"
  RCTTypeSafety:
    :path: "../../../../node_modules/react-native/Libraries/TypeSafety"
  React:
    :path: "../../../../node_modules/react-native/"
  React-callinvoker:
    :path: "../../../../node_modules/react-native/ReactCommon/callinvoker"
  React-Codegen:
    :path: build/generated/ios
  React-Core:
    :path: "../../../../node_modules/react-native/"
  React-CoreModules:
    :path: "../../../../node_modules/react-native/React/CoreModules"
  React-cxxreact:
    :path: "../../../../node_modules/react-native/ReactCommon/cxxreact"
  React-debug:
    :path: "../../../../node_modules/react-native/ReactCommon/react/debug"
  React-Fabric:
    :path: "../../../../node_modules/react-native/ReactCommon"
  React-FabricImage:
    :path: "../../../../node_modules/react-native/ReactCommon"
  React-graphics:
    :path: "../../../../node_modules/react-native/ReactCommon/react/renderer/graphics"
  React-hermes:
    :path: "../../../../node_modules/react-native/ReactCommon/hermes"
  React-ImageManager:
    :path: "../../../../node_modules/react-native/ReactCommon/react/renderer/imagemanager/platform/ios"
  React-jserrorhandler:
    :path: "../../../../node_modules/react-native/ReactCommon/jserrorhandler"
  React-jsi:
    :path: "../../../../node_modules/react-native/ReactCommon/jsi"
  React-jsiexecutor:
    :path: "../../../../node_modules/react-native/ReactCommon/jsiexecutor"
  React-jsinspector:
    :path: "../../../../node_modules/react-native/ReactCommon/jsinspector-modern"
  React-logger:
    :path: "../../../../node_modules/react-native/ReactCommon/logger"
  React-Mapbuffer:
    :path: "../../../../node_modules/react-native/ReactCommon"
  react-native-ble-plx:
    :path: "../../../../node_modules/react-native-ble-plx"
  react-native-get-random-values:
    :path: "../../../../node_modules/react-native-get-random-values"
  react-native-restart:
    :path: "../../../../node_modules/react-native-restart"
  react-native-safe-area-context:
    :path: "../../../../node_modules/react-native-safe-area-context"
  React-nativeconfig:
    :path: "../../../../node_modules/react-native/ReactCommon"
  React-NativeModulesApple:
    :path: "../../../../node_modules/react-native/ReactCommon/react/nativemodule/core/platform/ios"
  React-perflogger:
    :path: "../../../../node_modules/react-native/ReactCommon/reactperflogger"
  React-RCTActionSheet:
    :path: "../../../../node_modules/react-native/Libraries/ActionSheetIOS"
  React-RCTAnimation:
    :path: "../../../../node_modules/react-native/Libraries/NativeAnimation"
  React-RCTAppDelegate:
    :path: "../../../../node_modules/react-native/Libraries/AppDelegate"
  React-RCTBlob:
    :path: "../../../../node_modules/react-native/Libraries/Blob"
  React-RCTFabric:
    :path: "../../../../node_modules/react-native/React"
  React-RCTImage:
    :path: "../../../../node_modules/react-native/Libraries/Image"
  React-RCTLinking:
    :path: "../../../../node_modules/react-native/Libraries/LinkingIOS"
  React-RCTNetwork:
    :path: "../../../../node_modules/react-native/Libraries/Network"
  React-RCTSettings:
    :path: "../../../../node_modules/react-native/Libraries/Settings"
  React-RCTText:
    :path: "../../../../node_modules/react-native/Libraries/Text"
  React-RCTVibration:
    :path: "../../../../node_modules/react-native/Libraries/Vibration"
  React-rendererdebug:
    :path: "../../../../node_modules/react-native/ReactCommon/react/renderer/debug"
  React-rncore:
    :path: "../../../../node_modules/react-native/ReactCommon"
  React-runtimeexecutor:
    :path: "../../../../node_modules/react-native/ReactCommon/runtimeexecutor"
  React-runtimescheduler:
    :path: "../../../../node_modules/react-native/ReactCommon/react/renderer/runtimescheduler"
  React-utils:
    :path: "../../../../node_modules/react-native/ReactCommon/react/utils"
  ReactCommon:
    :path: "../../../../node_modules/react-native/ReactCommon"
  RNCAsyncStorage:
    :path: "../../../../node_modules/@react-native-async-storage/async-storage"
  RNCPicker:
    :path: "../../../../node_modules/@react-native-picker/picker"
  RNReanimated:
    :path: "../../../../node_modules/react-native-reanimated"
  RNScreens:
    :path: "../../../../node_modules/react-native-screens"
  RNSVG:
    :path: "../../../../node_modules/react-native-svg"
  Yoga:
    :path: "../../../../node_modules/react-native/ReactCommon/yoga"

SPEC CHECKSUMS:
  BleUtils: 3c91f2b063ffddbaf817d6493a152279e954c06b
  boost: d3f49c53809116a5d38da093a8aa78bf551aed09
  DoubleConversion: fea03f2699887d960129cc54bba7e52542b6f953
  EXConstants: 348adb88fb0d65892f16732ec5e02e1365c31588
  EXFont: 64e653a110eee050ad80dfcd676c4bada0a1ff92
  EXImageLoader: ba2506b443b9656e93167c104406a2c265924823
  Expo: 1b33cb8ab60cff9abf805ed6020af3d1846e457c
  ExpoClipboard: 24cc2b881ab6ca2e5b431b1f6d9d4a302adbf9d0
  ExpoDocumentPicker: 7f6bc79d2bad6d06129b60914085854ae1478d74
  ExpoFileSystem: df58e1eb2a4d6f1006a1ca70bddfbbf63e52fa4f
  ExpoImageManipulator: 0c2ada7a028619ea1cc0c670bfa90c8ebeaa4af4
  ExpoImagePicker: d06822d74f1f0e7fe7cb070ece0fff6e678fa3eb
  ExpoKeepAwake: 3b8cf8533b9212500565a1e41fb080fc5af29918
  ExpoLocalization: 7423aa1abcc59209dc2ce2b9bb63776a18023a98
  ExpoModulesCore: 43ebd65adf2c0e6ffb0de24a41f8f7de12829331
  EXSplashScreen: dd2dd171af558302d925bb90e3bd2e139ffa0d92
  FBLazyVector: 9f533d5a4c75ca77c8ed774aced1a91a0701781e
  FBReactNativeSpec: b433e2c2b8269bd86762127317ea7334b3246581
  fmt: ff9d55029c625d3757ed641535fd4a75fedc7ce9
  glog: c5d68082e772fa1c511173d6b30a9de2c05a69a2
  hermes-engine: 39589e9c297d024e90fe68f6830ff86c4e01498a
  libevent: 4049cae6c81cdb3654a443be001fb9bdceff7913
  MultiplatformBleAdapter: b1fddd0d499b96b607e00f0faa8e60648343dc1d
  RCT-Folly: cd21f1661364f975ae76b3308167ad66b09f53f5
  RCTRequired: 77f73950d15b8c1a2b48ba5b79020c3003d1c9b5
  RCTTypeSafety: ede1e2576424d89471ef553b2aed09fbbcc038e3
  React: 2ddb437e599df2f1bffa9b248de2de4cfa0227f0
  React-callinvoker: 10fc710367985e525e2d65bcc3a73d536c992aea
  React-Codegen: 13401f084876d8785f19964b34846dd06e1959b8
  React-Core: 94539e5a6c01f05f5b3b51207cb2452297a27835
  React-CoreModules: 7e5aacc985835c07faa8e95406e3f7326cce92f1
  React-cxxreact: 67431ad6c2e24ce761814923fecd5f27eef06a9c
  React-debug: 2bb2ea6d53636bfdc7cb9009a8e71dd6a96810b5
  React-Fabric: 76920f351a7377e6c0562bfbf0e958c9db858ad1
  React-FabricImage: 34e56bb3df3a7007f877d9d60fcf963f1ed8526f
  React-graphics: 1546a1457c26f3e449f02c7f29a17f1e337803d5
  React-hermes: f025011c06c241d6cafbe2f465847394551a704c
  React-ImageManager: aaf81ba2bb317b6d1287cd71c5b73467a99ea78a
  React-jserrorhandler: 895a7b5fbca5bdae900f0e01887e00f15b748cc2
  React-jsi: 580e219940861c5d90156dfc52deb700c6d09d53
  React-jsiexecutor: ed868f628f463ab7409a15dcfd3e38101e2e7f7d
  React-jsinspector: f356e49aa086380d3a4892708ca173ad31ac69c1
  React-logger: 3017d7c365f7df9a4575f13e98c1ef1d96b85ba5
  React-Mapbuffer: 768950d2253c4d3da3c40ac7259eafd3ce6f30f2
  react-native-ble-plx: 819e78cc6d833f2b361b282bbc42be5c652c7878
  react-native-get-random-values: ce0b8796c99e2b85e3202bd500b1ef286a17a02e
  react-native-restart: df7caae89026a8ab2ecdd82839978f657701f51d
  react-native-safe-area-context: bf9d9d58f0f6726d4a6257088044c2595017579d
  React-nativeconfig: 754233aac2a769578f828093b672b399355582e6
  React-NativeModulesApple: bc05994d236d9c39b64e299ca2154e37a50624a6
  React-perflogger: 68ec84e2f858a3e35009aef8866b55893e5e0a1f
  React-RCTActionSheet: 348c4c729fdfb874f6937abbea90355ecaa6977c
  React-RCTAnimation: a2a1329fb302f92fc09a5072790e5ee33f34c599
  React-RCTAppDelegate: 4072a33e6a4318d5ea8342eba4fd753f08a09dc5
  React-RCTBlob: 64279ac7ce41c5c8a5de583d2a2ea08b2f35c9e8
  React-RCTFabric: 40398a34932b3b8e713ec9b9a988b6fbd48957af
  React-RCTImage: 647298d9a05f18296ad14deb9faffcccbf90c3fa
  React-RCTLinking: 1af4b83559ba537485dc46dba8a7eaa3cb2ceeae
  React-RCTNetwork: 99b13f8ff8a3a8aed6f5d9c2295895938c6089ad
  React-RCTSettings: da7241ef344854b2c1d84d80d652a0535f304c41
  React-RCTText: 4e24f5a4e5473448c73e60c19ef5e1c48da1e835
  React-RCTVibration: 8a00b2adcae0924f1764a937c0b18291f02857ee
  React-rendererdebug: 5bf5b7629e5bc76202c2cdde6098c5e21be45e51
  React-rncore: 33d2ea89cf54c19b70fb376f8440b246217279a4
  React-runtimeexecutor: b7f307017d54701cf3a4ae41c7558051e0660658
  React-runtimescheduler: 76c7ba9e6c9deb4b1a30a8bae4b7db2930789d5e
  React-utils: ef6ed9a5748c207f067ebc9929327d0f3937f671
  ReactCommon: a55ba7975ea32f1a5f808f3e2782e674c439cbf0
  RNCAsyncStorage: a03b770a50541a761447cea9c24536047832124d
  RNCPicker: 7ea4c112b43a2033ddb1e5e2ecb2e826f222b897
  RNReanimated: 5e41eb0fb5152bb078d668a7e072fda950e81971
  RNScreens: 59f615aa0782077560c8eea46c2daec3a716dba9
  RNSVG: 6d5ed33b6635ed6d6ecb50744dcf127580c39ed5
  SocketRocket: f32cd54efbe0f095c4d7594881e52619cfe80b17
  Yoga: 47d399a73c0c0caa9ff824e5c657eae31215bfee

PODFILE CHECKSUM: a25bd271fa643c43c52e1dbe1e7719a5cd664e3a

COCOAPODS: 1.16.2
